// !$*UTF8*$!
{
	archiveVersion = 1;
	classes = {
	};
	objectVersion = 56;
	objects = {

/* Begin PBXBuildFile section */
		CD0B93D82C00B55A006DA27C /* TodoViewModel.swift in Sources */ = {isa = PBXBuildFile; fileRef = CD0B93D72C00B55A006DA27C /* TodoViewModel.swift */; };
		CD23154F2C044C4B00A7A7FC /* EditTodoView.swift in Sources */ = {isa = PBXBuildFile; fileRef = CD23154E2C044C4B00A7A7FC /* EditTodoView.swift */; };
		CDCB3C5C2C0076E500CD0CA3 /* AppDelegate.swift in Sources */ = {isa = PBXBuildFile; fileRef = CDCB3C5B2C0076E500CD0CA3 /* AppDelegate.swift */; };
		CDCB3C5E2C0076E500CD0CA3 /* SceneDelegate.swift in Sources */ = {isa = PBXBuildFile; fileRef = CDCB3C5D2C0076E500CD0CA3 /* SceneDelegate.swift */; };
		CDCB3C602C0076E500CD0CA3 /* ViewController.swift in Sources */ = {isa = PBXBuildFile; fileRef = CDCB3C5F2C0076E500CD0CA3 /* ViewController.swift */; };
		CDCB3C632C0076E500CD0CA3 /* Base in Resources */ = {isa = PBXBuildFile; fileRef = CDCB3C622C0076E500CD0CA3 /* Base */; };
		CDCB3C652C0076E600CD0CA3 /* Assets.xcassets in Resources */ = {isa = PBXBuildFile; fileRef = CDCB3C642C0076E600CD0CA3 /* Assets.xcassets */; };
		CDCB3C682C0076E600CD0CA3 /* Base in Resources */ = {isa = PBXBuildFile; fileRef = CDCB3C672C0076E600CD0CA3 /* Base */; };
		CDCB3C712C0077E400CD0CA3 /* TodoCell.swift in Sources */ = {isa = PBXBuildFile; fileRef = CDCB3C702C0077E400CD0CA3 /* TodoCell.swift */; };
		CDCB3C742C007A7F00CD0CA3 /* AddTodoView.swift in Sources */ = {isa = PBXBuildFile; fileRef = CDCB3C732C007A7F00CD0CA3 /* AddTodoView.swift */; };
		CDCB3C772C007DE700CD0CA3 /* Todo.swift in Sources */ = {isa = PBXBuildFile; fileRef = CDCB3C762C007DE700CD0CA3 /* Todo.swift */; };
		CDCB3C7A2C007E7500CD0CA3 /* TodoProtocol.swift in Sources */ = {isa = PBXBuildFile; fileRef = CDCB3C792C007E7500CD0CA3 /* TodoProtocol.swift */; };
/* End PBXBuildFile section */

/* Begin PBXFileReference section */
		CD0B93D72C00B55A006DA27C /* TodoViewModel.swift */ = {isa = PBXFileReference; lastKnownFileType = sourcecode.swift; path = TodoViewModel.swift; sourceTree = "<group>"; };
		CD23154E2C044C4B00A7A7FC /* EditTodoView.swift */ = {isa = PBXFileReference; lastKnownFileType = sourcecode.swift; path = EditTodoView.swift; sourceTree = "<group>"; };
		CDCB3C582C0076E500CD0CA3 /* Todo_UIKit.app */ = {isa = PBXFileReference; explicitFileType = wrapper.application; includeInIndex = 0; path = Todo_UIKit.app; sourceTree = BUILT_PRODUCTS_DIR; };
		CDCB3C5B2C0076E500CD0CA3 /* AppDelegate.swift */ = {isa = PBXFileReference; lastKnownFileType = sourcecode.swift; path = AppDelegate.swift; sourceTree = "<group>"; };
		CDCB3C5D2C0076E500CD0CA3 /* SceneDelegate.swift */ = {isa = PBXFileReference; lastKnownFileType = sourcecode.swift; path = SceneDelegate.swift; sourceTree = "<group>"; };
		CDCB3C5F2C0076E500CD0CA3 /* ViewController.swift */ = {isa = PBXFileReference; lastKnownFileType = sourcecode.swift; path = ViewController.swift; sourceTree = "<group>"; };
		CDCB3C622C0076E500CD0CA3 /* Base */ = {isa = PBXFileReference; lastKnownFileType = file.storyboard; name = Base; path = Base.lproj/Main.storyboard; sourceTree = "<group>"; };
		CDCB3C642C0076E600CD0CA3 /* Assets.xcassets */ = {isa = PBXFileReference; lastKnownFileType = folder.assetcatalog; path = Assets.xcassets; sourceTree = "<group>"; };
		CDCB3C672C0076E600CD0CA3 /* Base */ = {isa = PBXFileReference; lastKnownFileType = file.storyboard; name = Base; path = Base.lproj/LaunchScreen.storyboard; sourceTree = "<group>"; };
		CDCB3C692C0076E600CD0CA3 /* Info.plist */ = {isa = PBXFileReference; lastKnownFileType = text.plist.xml; path = Info.plist; sourceTree = "<group>"; };
		CDCB3C702C0077E400CD0CA3 /* TodoCell.swift */ = {isa = PBXFileReference; lastKnownFileType = sourcecode.swift; path = TodoCell.swift; sourceTree = "<group>"; };
		CDCB3C732C007A7F00CD0CA3 /* AddTodoView.swift */ = {isa = PBXFileReference; lastKnownFileType = sourcecode.swift; path = AddTodoView.swift; sourceTree = "<group>"; };
		CDCB3C762C007DE700CD0CA3 /* Todo.swift */ = {isa = PBXFileReference; lastKnownFileType = sourcecode.swift; path = Todo.swift; sourceTree = "<group>"; };
		CDCB3C792C007E7500CD0CA3 /* TodoProtocol.swift */ = {isa = PBXFileReference; lastKnownFileType = sourcecode.swift; path = TodoProtocol.swift; sourceTree = "<group>"; };
/* End PBXFileReference section */

/* Begin PBXFrameworksBuildPhase section */
		CDCB3C552C0076E500CD0CA3 /* Frameworks */ = {
			isa = PBXFrameworksBuildPhase;
			buildActionMask = 2147483647;
			files = (
			);
			runOnlyForDeploymentPostprocessing = 0;
		};
/* End PBXFrameworksBuildPhase section */

/* Begin PBXGroup section */
		CD0B93D62C00B553006DA27C /* ViewModel */ = {
			isa = PBXGroup;
			children = (
				CD0B93D72C00B55A006DA27C /* TodoViewModel.swift */,
			);
			path = ViewModel;
			sourceTree = "<group>";
		};
		CDCB3C4F2C0076E500CD0CA3 = {
			isa = PBXGroup;
			children = (
				CDCB3C5A2C0076E500CD0CA3 /* Todo_UIKit */,
				CDCB3C592C0076E500CD0CA3 /* Products */,
			);
			sourceTree = "<group>";
		};
		CDCB3C592C0076E500CD0CA3 /* Products */ = {
			isa = PBXGroup;
			children = (
				CDCB3C582C0076E500CD0CA3 /* Todo_UIKit.app */,
			);
			name = Products;
			sourceTree = "<group>";
		};
		CDCB3C5A2C0076E500CD0CA3 /* Todo_UIKit */ = {
			isa = PBXGroup;
			children = (
				CDCB3C782C007E6E00CD0CA3 /* Protocol */,
				CDCB3C752C007DE200CD0CA3 /* Model */,
				CDCB3C722C007A7300CD0CA3 /* View */,
				CD0B93D62C00B553006DA27C /* ViewModel */,
				CDCB3C5B2C0076E500CD0CA3 /* AppDelegate.swift */,
				CDCB3C5D2C0076E500CD0CA3 /* SceneDelegate.swift */,
				CDCB3C5F2C0076E500CD0CA3 /* ViewController.swift */,
				CDCB3C612C0076E500CD0CA3 /* Main.storyboard */,
				CDCB3C642C0076E600CD0CA3 /* Assets.xcassets */,
				CDCB3C662C0076E600CD0CA3 /* LaunchScreen.storyboard */,
				CDCB3C692C0076E600CD0CA3 /* Info.plist */,
			);
			path = Todo_UIKit;
			sourceTree = "<group>";
		};
		CDCB3C6F2C0077D400CD0CA3 /* Cell */ = {
			isa = PBXGroup;
			children = (
				CDCB3C702C0077E400CD0CA3 /* TodoCell.swift */,
			);
			path = Cell;
			sourceTree = "<group>";
		};
		CDCB3C722C007A7300CD0CA3 /* View */ = {
			isa = PBXGroup;
			children = (
				CDCB3C6F2C0077D400CD0CA3 /* Cell */,
				CDCB3C732C007A7F00CD0CA3 /* AddTodoView.swift */,
				CD23154E2C044C4B00A7A7FC /* EditTodoView.swift */,
			);
			path = View;
			sourceTree = "<group>";
		};
		CDCB3C752C007DE200CD0CA3 /* Model */ = {
			isa = PBXGroup;
			children = (
				CDCB3C762C007DE700CD0CA3 /* Todo.swift */,
			);
			path = Model;
			sourceTree = "<group>";
		};
		CDCB3C782C007E6E00CD0CA3 /* Protocol */ = {
			isa = PBXGroup;
			children = (
				CDCB3C792C007E7500CD0CA3 /* TodoProtocol.swift */,
			);
			path = Protocol;
			sourceTree = "<group>";
		};
/* End PBXGroup section */

/* Begin PBXNativeTarget section */
		CDCB3C572C0076E500CD0CA3 /* Todo_UIKit */ = {
			isa = PBXNativeTarget;
			buildConfigurationList = CDCB3C6C2C0076E600CD0CA3 /* Build configuration list for PBXNativeTarget "Todo_UIKit" */;
			buildPhases = (
				CDCB3C542C0076E500CD0CA3 /* Sources */,
				CDCB3C552C0076E500CD0CA3 /* Frameworks */,
				CDCB3C562C0076E500CD0CA3 /* Resources */,
			);
			buildRules = (
			);
			dependencies = (
			);
			name = Todo_UIKit;
			productName = Todo_UIKit;
			productReference = CDCB3C582C0076E500CD0CA3 /* Todo_UIKit.app */;
			productType = "com.apple.product-type.application";
		};
/* End PBXNativeTarget section */

/* Begin PBXProject section */
		CDCB3C502C0076E500CD0CA3 /* Project object */ = {
			isa = PBXProject;
			attributes = {
				BuildIndependentTargetsInParallel = 1;
				LastSwiftUpdateCheck = 1540;
				LastUpgradeCheck = 1540;
				TargetAttributes = {
					CDCB3C572C0076E500CD0CA3 = {
						CreatedOnToolsVersion = 15.4;
					};
				};
			};
			buildConfigurationList = CDCB3C532C0076E500CD0CA3 /* Build configuration list for PBXProject "Todo_UIKit" */;
			compatibilityVersion = "Xcode 14.0";
			developmentRegion = en;
			hasScannedForEncodings = 0;
			knownRegions = (
				en,
				Base,
			);
			mainGroup = CDCB3C4F2C0076E500CD0CA3;
			productRefGroup = CDCB3C592C0076E500CD0CA3 /* Products */;
			projectDirPath = "";
			projectRoot = "";
			targets = (
				CDCB3C572C0076E500CD0CA3 /* Todo_UIKit */,
			);
		};
/* End PBXProject section */

/* Begin PBXResourcesBuildPhase section */
		CDCB3C562C0076E500CD0CA3 /* Resources */ = {
			isa = PBXResourcesBuildPhase;
			buildActionMask = 2147483647;
			files = (
				CDCB3C652C0076E600CD0CA3 /* Assets.xcassets in Resources */,
				CDCB3C682C0076E600CD0CA3 /* Base in Resources */,
				CDCB3C632C0076E500CD0CA3 /* Base in Resources */,
			);
			runOnlyForDeploymentPostprocessing = 0;
		};
/* End PBXResourcesBuildPhase section */

/* Begin PBXSourcesBuildPhase section */
		CDCB3C542C0076E500CD0CA3 /* Sources */ = {
			isa = PBXSourcesBuildPhase;
			buildActionMask = 2147483647;
			files = (
				CD0B93D82C00B55A006DA27C /* TodoViewModel.swift in Sources */,
				CDCB3C602C0076E500CD0CA3 /* ViewController.swift in Sources */,
				CD23154F2C044C4B00A7A7FC /* EditTodoView.swift in Sources */,
				CDCB3C7A2C007E7500CD0CA3 /* TodoProtocol.swift in Sources */,
				CDCB3C772C007DE700CD0CA3 /* Todo.swift in Sources */,
				CDCB3C5C2C0076E500CD0CA3 /* AppDelegate.swift in Sources */,
				CDCB3C5E2C0076E500CD0CA3 /* SceneDelegate.swift in Sources */,
				CDCB3C742C007A7F00CD0CA3 /* AddTodoView.swift in Sources */,
				CDCB3C712C0077E400CD0CA3 /* TodoCell.swift in Sources */,
			);
			runOnlyForDeploymentPostprocessing = 0;
		};
/* End PBXSourcesBuildPhase section */

/* Begin PBXVariantGroup section */
		CDCB3C612C0076E500CD0CA3 /* Main.storyboard */ = {
			isa = PBXVariantGroup;
			children = (
				CDCB3C622C0076E500CD0CA3 /* Base */,
			);
			name = Main.storyboard;
			sourceTree = "<group>";
		};
		CDCB3C662C0076E600CD0CA3 /* LaunchScreen.storyboard */ = {
			isa = PBXVariantGroup;
			children = (
				CDCB3C672C0076E600CD0CA3 /* Base */,
			);
			name = LaunchScreen.storyboard;
			sourceTree = "<group>";
		};
/* End PBXVariantGroup section */

/* Begin XCBuildConfiguration section */
		CDCB3C6A2C0076E600CD0CA3 /* Debug */ = {
			isa = XCBuildConfiguration;
			buildSettings = {
				ALWAYS_SEARCH_USER_PATHS = NO;
				ASSETCATALOG_COMPILER_GENERATE_SWIFT_ASSET_SYMBOL_EXTENSIONS = YES;
				CLANG_ANALYZER_NONNULL = YES;
				CLANG_ANALYZER_NUMBER_OBJECT_CONVERSION = YES_AGGRESSIVE;
				CLANG_CXX_LANGUAGE_STANDARD = "gnu++20";
				CLANG_ENABLE_MODULES = YES;
				CLANG_ENABLE_OBJC_ARC = YES;
				CLANG_ENABLE_OBJC_WEAK = YES;
				CLANG_WARN_BLOCK_CAPTURE_AUTORELEASING = YES;
				CLANG_WARN_BOOL_CONVERSION = YES;
				CLANG_WARN_COMMA = YES;
				CLANG_WARN_CONSTANT_CONVERSION = YES;
				CLANG_WARN_DEPRECATED_OBJC_IMPLEMENTATIONS = YES;
				CLANG_WARN_DIRECT_OBJC_ISA_USAGE = YES_ERROR;
				CLANG_WARN_DOCUMENTATION_COMMENTS = YES;
				CLANG_WARN_EMPTY_BODY = YES;
				CLANG_WARN_ENUM_CONVERSION = YES;
				CLANG_WARN_INFINITE_RECURSION = YES;
				CLANG_WARN_INT_CONVERSION = YES;
				CLANG_WARN_NON_LITERAL_NULL_CONVERSION = YES;
				CLANG_WARN_OBJC_IMPLICIT_RETAIN_SELF = YES;
				CLANG_WARN_OBJC_LITERAL_CONVERSION = YES;
				CLANG_WARN_OBJC_ROOT_CLASS = YES_ERROR;
				CLANG_WARN_QUOTED_INCLUDE_IN_FRAMEWORK_HEADER = YES;
				CLANG_WARN_RANGE_LOOP_ANALYSIS = YES;
				CLANG_WARN_STRICT_PROTOTYPES = YES;
				CLANG_WARN_SUSPICIOUS_MOVE = YES;
				CLANG_WARN_UNGUARDED_AVAILABILITY = YES_AGGRESSIVE;
				CLANG_WARN_UNREACHABLE_CODE = YES;
				CLANG_WARN__DUPLICATE_METHOD_MATCH = YES;
				COPY_PHASE_STRIP = NO;
				DEBUG_INFORMATION_FORMAT = dwarf;
				ENABLE_STRICT_OBJC_MSGSEND = YES;
				ENABLE_TESTABILITY = YES;
				ENABLE_USER_SCRIPT_SANDBOXING = YES;
				GCC_C_LANGUAGE_STANDARD = gnu17;
				GCC_DYNAMIC_NO_PIC = NO;
				GCC_NO_COMMON_BLOCKS = YES;
				GCC_OPTIMIZATION_LEVEL = 0;
				GCC_PREPROCESSOR_DEFINITIONS = (
					"DEBUG=1",
					"$(inherited)",
				);
				GCC_WARN_64_TO_32_BIT_CONVERSION = YES;
				GCC_WARN_ABOUT_RETURN_TYPE = YES_ERROR;
				GCC_WARN_UNDECLARED_SELECTOR = YES;
				GCC_WARN_UNINITIALIZED_AUTOS = YES_AGGRESSIVE;
				GCC_WARN_UNUSED_FUNCTION = YES;
				GCC_WARN_UNUSED_VARIABLE = YES;
				IPHONEOS_DEPLOYMENT_TARGET = 17.5;
				LOCALIZATION_PREFERS_STRING_CATALOGS = YES;
				MTL_ENABLE_DEBUG_INFO = INCLUDE_SOURCE;
				MTL_FAST_MATH = YES;
				ONLY_ACTIVE_ARCH = YES;
				SDKROOT = iphoneos;
				SWIFT_ACTIVE_COMPILATION_CONDITIONS = "DEBUG $(inherited)";
				SWIFT_OPTIMIZATION_LEVEL = "-Onone";
			};
			name = Debug;
		};
		CDCB3C6B2C0076E600CD0CA3 /* Release */ = {
			isa = XCBuildConfiguration;
			buildSettings = {
				ALWAYS_SEARCH_USER_PATHS = NO;
				ASSETCATALOG_COMPILER_GENERATE_SWIFT_ASSET_SYMBOL_EXTENSIONS = YES;
				CLANG_ANALYZER_NONNULL = YES;
				CLANG_ANALYZER_NUMBER_OBJECT_CONVERSION = YES_AGGRESSIVE;
				CLANG_CXX_LANGUAGE_STANDARD = "gnu++20";
				CLANG_ENABLE_MODULES = YES;
				CLANG_ENABLE_OBJC_ARC = YES;
				CLANG_ENABLE_OBJC_WEAK = YES;
				CLANG_WARN_BLOCK_CAPTURE_AUTORELEASING = YES;
				CLANG_WARN_BOOL_CONVERSION = YES;
				CLANG_WARN_COMMA = YES;
				CLANG_WARN_CONSTANT_CONVERSION = YES;
				CLANG_WARN_DEPRECATED_OBJC_IMPLEMENTATIONS = YES;
				CLANG_WARN_DIRECT_OBJC_ISA_USAGE = YES_ERROR;
				CLANG_WARN_DOCUMENTATION_COMMENTS = YES;
				CLANG_WARN_EMPTY_BODY = YES;
				CLANG_WARN_ENUM_CONVERSION = YES;
				CLANG_WARN_INFINITE_RECURSION = YES;
				CLANG_WARN_INT_CONVERSION = YES;
				CLANG_WARN_NON_LITERAL_NULL_CONVERSION = YES;
				CLANG_WARN_OBJC_IMPLICIT_RETAIN_SELF = YES;
				CLANG_WARN_OBJC_LITERAL_CONVERSION = YES;
				CLANG_WARN_OBJC_ROOT_CLASS = YES_ERROR;
				CLANG_WARN_QUOTED_INCLUDE_IN_FRAMEWORK_HEADER = YES;
				CLANG_WARN_RANGE_LOOP_ANALYSIS = YES;
				CLANG_WARN_STRICT_PROTOTYPES = YES;
				CLANG_WARN_SUSPICIOUS_MOVE = YES;
				CLANG_WARN_UNGUARDED_AVAILABILITY = YES_AGGRESSIVE;
				CLANG_WARN_UNREACHABLE_CODE = YES;
				CLANG_WARN__DUPLICATE_METHOD_MATCH = YES;
				COPY_PHASE_STRIP = NO;
				DEBUG_INFORMATION_FORMAT = "dwarf-with-dsym";
				ENABLE_NS_ASSERTIONS = NO;
				ENABLE_STRICT_OBJC_MSGSEND = YES;
				ENABLE_USER_SCRIPT_SANDBOXING = YES;
				GCC_C_LANGUAGE_STANDARD = gnu17;
				GCC_NO_COMMON_BLOCKS = YES;
				GCC_WARN_64_TO_32_BIT_CONVERSION = YES;
				GCC_WARN_ABOUT_RETURN_TYPE = YES_ERROR;
				GCC_WARN_UNDECLARED_SELECTOR = YES;
				GCC_WARN_UNINITIALIZED_AUTOS = YES_AGGRESSIVE;
				GCC_WARN_UNUSED_FUNCTION = YES;
				GCC_WARN_UNUSED_VARIABLE = YES;
				IPHONEOS_DEPLOYMENT_TARGET = 17.5;
				LOCALIZATION_PREFERS_STRING_CATALOGS = YES;
				MTL_ENABLE_DEBUG_INFO = NO;
				MTL_FAST_MATH = YES;
				SDKROOT = iphoneos;
				SWIFT_COMPILATION_MODE = wholemodule;
				VALIDATE_PRODUCT = YES;
			};
			name = Release;
		};
		CDCB3C6D2C0076E600CD0CA3 /* Debug */ = {
			isa = XCBuildConfiguration;
			buildSettings = {
				ASSETCATALOG_COMPILER_APPICON_NAME = AppIcon;
				ASSETCATALOG_COMPILER_GLOBAL_ACCENT_COLOR_NAME = AccentColor;
				CODE_SIGN_STYLE = Automatic;
				CURRENT_PROJECT_VERSION = 1;
				GENERATE_INFOPLIST_FILE = YES;
				INFOPLIST_FILE = Todo_UIKit/Info.plist;
				INFOPLIST_KEY_UIApplicationSupportsIndirectInputEvents = YES;
				INFOPLIST_KEY_UILaunchStoryboardName = LaunchScreen;
				INFOPLIST_KEY_UIMainStoryboardFile = Main;
				INFOPLIST_KEY_UISupportedInterfaceOrientations_iPad = "UIInterfaceOrientationPortrait UIInterfaceOrientationPortraitUpsideDown UIInterfaceOrientationLandscapeLeft UIInterfaceOrientationLandscapeRight";
				INFOPLIST_KEY_UISupportedInterfaceOrientations_iPhone = "UIInterfaceOrientationPortrait UIInterfaceOrientationLandscapeLeft UIInterfaceOrientationLandscapeRight";
				LD_RUNPATH_SEARCH_PATHS = (
					"$(inherited)",
					"@executable_path/Frameworks",
				);
				MARKETING_VERSION = 1.0;
				PRODUCT_BUNDLE_IDENTIFIER = "MadCow.Todo-UIKit";
				PRODUCT_NAME = "$(TARGET_NAME)";
				SWIFT_EMIT_LOC_STRINGS = YES;
				SWIFT_VERSION = 5.0;
				TARGETED_DEVICE_FAMILY = "1,2";
			};
			name = Debug;
		};
		CDCB3C6E2C0076E600CD0CA3 /* Release */ = {
			isa = XCBuildConfiguration;
			buildSettings = {
				ASSETCATALOG_COMPILER_APPICON_NAME = AppIcon;
				ASSETCATALOG_COMPILER_GLOBAL_ACCENT_COLOR_NAME = AccentColor;
				CODE_SIGN_STYLE = Automatic;
				CURRENT_PROJECT_VERSION = 1;
				GENERATE_INFOPLIST_FILE = YES;
				INFOPLIST_FILE = Todo_UIKit/Info.plist;
				INFOPLIST_KEY_UIApplicationSupportsIndirectInputEvents = YES;
				INFOPLIST_KEY_UILaunchStoryboardName = LaunchScreen;
				INFOPLIST_KEY_UIMainStoryboardFile = Main;
				INFOPLIST_KEY_UISupportedInterfaceOrientations_iPad = "UIInterfaceOrientationPortrait UIInterfaceOrientationPortraitUpsideDown UIInterfaceOrientationLandscapeLeft UIInterfaceOrientationLandscapeRight";
				INFOPLIST_KEY_UISupportedInterfaceOrientations_iPhone = "UIInterfaceOrientationPortrait UIInterfaceOrientationLandscapeLeft UIInterfaceOrientationLandscapeRight";
				LD_RUNPATH_SEARCH_PATHS = (
					"$(inherited)",
					"@executable_path/Frameworks",
				);
				MARKETING_VERSION = 1.0;
				PRODUCT_BUNDLE_IDENTIFIER = "MadCow.Todo-UIKit";
				PRODUCT_NAME = "$(TARGET_NAME)";
				SWIFT_EMIT_LOC_STRINGS = YES;
				SWIFT_VERSION = 5.0;
				TARGETED_DEVICE_FAMILY = "1,2";
			};
			name = Release;
		};
/* End XCBuildConfiguration section */

/* Begin XCConfigurationList section */
		CDCB3C532C0076E500CD0CA3 /* Build configuration list for PBXProject "Todo_UIKit" */ = {
			isa = XCConfigurationList;
			buildConfigurations = (
				CDCB3C6A2C0076E600CD0CA3 /* Debug */,
				CDCB3C6B2C0076E600CD0CA3 /* Release */,
			);
			defaultConfigurationIsVisible = 0;
			defaultConfigurationName = Release;
		};
		CDCB3C6C2C0076E600CD0CA3 /* Build configuration list for PBXNativeTarget "Todo_UIKit" */ = {
			isa = XCConfigurationList;
			buildConfigurations = (
				CDCB3C6D2C0076E600CD0CA3 /* Debug */,
				CDCB3C6E2C0076E600CD0CA3 /* Release */,
			);
			defaultConfigurationIsVisible = 0;
			defaultConfigurationName = Release;
		};
/* End XCConfigurationList section */
	};
	rootObject = CDCB3C502C0076E500CD0CA3 /* Project object */;
}
